{
    "_readme": [
        "This file locks the dependencies of your project to a known state",
        "Read more about it at https://getcomposer.org/doc/01-basic-usage.md#installing-dependencies",
        "This file is @generated automatically"
    ],
    "content-hash": "8ecf35e32bf3848f89d416150f88ec61",
    "packages": [
        {
            "name": "datalaere/php-crud",
            "version": "dev-master",
            "source": {
                "type": "git",
                "url": "https://github.com/datalaere/php-crud.git",
                "reference": "ea5a1c9d21c12a08a933f3a10fc1fe1c713f26d9"
            },
            "dist": {
                "type": "zip",
                "url": "https://api.github.com/repos/datalaere/php-crud/zipball/ea5a1c9d21c12a08a933f3a10fc1fe1c713f26d9",
                "reference": "ea5a1c9d21c12a08a933f3a10fc1fe1c713f26d9",
                "shasum": ""
            },
            "require": {
                "php": ">=5.5.0"
            },
            "type": "library",
            "autoload": {
                "psr-4": {
                    "PHP\\Crud\\": "src/"
                }
            },
            "license": [
                "MIT"
            ],
            "description": "Simple scrud classes for using PDO and more in php",
            "support": {
                "source": "https://github.com/datalaere/php-crud/tree/master",
                "issues": "https://github.com/datalaere/php-crud/issues"
            },
            "time": "2020-02-06T08:45:48+00:00"
        },
        {
            "name": "datalaere/php-di",
            "version": "dev-master",
            "source": {
                "type": "git",
                "url": "https://github.com/datalaere/php-di.git",
                "reference": "28e79d1130f8c10fe7357587082d61110b1df2f5"
            },
            "dist": {
                "type": "zip",
                "url": "https://api.github.com/repos/datalaere/php-di/zipball/28e79d1130f8c10fe7357587082d61110b1df2f5",
                "reference": "28e79d1130f8c10fe7357587082d61110b1df2f5",
                "shasum": ""
            },
            "require": {
                "php": ">=5.5.0"
            },
            "type": "project",
            "autoload": {
                "psr-4": {
                    "PHP\\DI\\": "src/"
                }
            },
            "license": [
                "MIT"
            ],
            "description": "Useful classes for creating a php mvc app",
            "homepage": "https://github.com/datalaere/php-di",
            "support": {
                "source": "https://github.com/datalaere/php-di/tree/master",
                "issues": "https://github.com/datalaere/php-di/issues"
            },
            "time": "2020-02-05T20:24:11+00:00"
        },
        {
            "name": "datalaere/php-filesystem",
            "version": "dev-master",
            "source": {
                "type": "git",
                "url": "https://github.com/datalaere/php-filesystem.git",
                "reference": "49efec0ecda8f7bb21ba146b5b2533ad5cf7a020"
            },
            "dist": {
                "type": "zip",
                "url": "https://api.github.com/repos/datalaere/php-filesystem/zipball/49efec0ecda8f7bb21ba146b5b2533ad5cf7a020",
                "reference": "49efec0ecda8f7bb21ba146b5b2533ad5cf7a020",
                "shasum": ""
            },
            "require": {
                "php": ">=5.5.0"
            },
            "type": "library",
            "autoload": {
                "psr-4": {
                    "PHP\\Filesystem\\": "src/"
                }
            },
            "license": [
                "MIT"
            ],
            "description": "Simple, useful classes for working with the server filesystem",
            "homepage": "https://github.com/datalaere/php-filesystem",
            "support": {
                "source": "https://github.com/datalaere/php-filesystem/tree/master",
                "issues": "https://github.com/datalaere/php-filesystem/issues"
            },
            "time": "2020-02-06T10:47:28+00:00"
        },
        {
            "name": "datalaere/php-http",
            "version": "dev-master",
            "source": {
                "type": "git",
                "url": "https://github.com/datalaere/php-http.git",
                "reference": "630522e2ddfc9d36fe5c6ff1f6452a133f96ac73"
            },
            "dist": {
                "type": "zip",
                "url": "https://api.github.com/repos/datalaere/php-http/zipball/630522e2ddfc9d36fe5c6ff1f6452a133f96ac73",
                "reference": "630522e2ddfc9d36fe5c6ff1f6452a133f96ac73",
                "shasum": ""
            },
            "require": {
                "php": ">=5.5.0"
            },
            "type": "library",
            "autoload": {
                "psr-4": {
                    "PHP\\Http\\": "src/"
                }
            },
            "license": [
                "MIT"
            ],
            "description": "Classes for manipulating routes and inputs like $_GET and $_POST",
            "homepage": "https://github.com/datalaere/php-http",
            "support": {
                "source": "https://github.com/datalaere/php-http/tree/master",
                "issues": "https://github.com/datalaere/php-http/issues"
            },
            "time": "2020-02-05T13:42:34+00:00"
        },
        {
            "name": "datalaere/php-mvc",
            "version": "dev-master",
            "source": {
                "type": "git",
                "url": "https://github.com/datalaere/php-mvc.git",
                "reference": "320bc7085fd092731f20a0d2a3e39b06d1d0a7e4"
            },
            "dist": {
                "type": "zip",
                "url": "https://api.github.com/repos/datalaere/php-mvc/zipball/320bc7085fd092731f20a0d2a3e39b06d1d0a7e4",
                "reference": "320bc7085fd092731f20a0d2a3e39b06d1d0a7e4",
                "shasum": ""
            },
            "require": {
                "datalaere/php-crud": "dev-master",
                "php": ">=5.5.0"
            },
            "type": "project",
            "autoload": {
                "psr-4": {
                    "PHP\\MVC\\": "src/"
                }
            },
            "license": [
                "MIT"
            ],
            "description": "Useful classes for creating a php mvc app",
            "homepage": "https://github.com/datalaere/php-mvc",
            "support": {
                "source": "https://github.com/datalaere/php-mvc/tree/master",
                "issues": "https://github.com/datalaere/php-mvc/issues"
            },
            "time": "2020-02-05T20:08:44+00:00"
        }
    ],
    "packages-dev": [],
    "aliases": [],
    "minimum-stability": "dev",
    "stability-flags": {
        "datalaere/php-mvc": 20,
        "datalaere/php-di": 20,
        "datalaere/php-http": 20,
        "datalaere/php-crud": 20,
        "datalaere/php-filesystem": 20
    },
    "prefer-stable": true,
    "prefer-lowest": false,
    "platform": {
        "php": ">=5.5.0"
    },
    "platform-dev": []
}
