{
    "_readme": [
        "This file locks the dependencies of your project to a known state",
        "Read more about it at https://getcomposer.org/doc/01-basic-usage.md#installing-dependencies",
        "This file is @generated automatically"
    ],
    "content-hash": "8ecf35e32bf3848f89d416150f88ec61",
    "packages": [
        {
            "name": "datalaere/php-crud",
            "version": "dev-master",
            "source": {
                "type": "git",
                "url": "https://github.com/datalaere/php-crud.git",
                "reference": "aec745159710e067bb6dfb686f94e0f5beee7027"
            },
            "dist": {
                "type": "zip",
                "url": "https://api.github.com/repos/datalaere/php-crud/zipball/aec745159710e067bb6dfb686f94e0f5beee7027",
                "reference": "aec745159710e067bb6dfb686f94e0f5beee7027",
                "shasum": ""
            },
            "require": {
                "php": ">=5.5.0"
            },
            "type": "library",
            "autoload": {
                "psr-4": {
                    "PHP\\Crud\\": "src/"
                }
            },
            "license": [
                "MIT"
            ],
            "description": "Simple scrud classes for using PDO and more in php",
            "support": {
                "source": "https://github.com/datalaere/php-crud/tree/master",
                "issues": "https://github.com/datalaere/php-crud/issues"
            },
            "time": "2020-02-18T16:24:11+00:00"
        },
        {
            "name": "datalaere/php-di",
            "version": "dev-master",
            "source": {
                "type": "git",
                "url": "https://github.com/datalaere/php-di.git",
                "reference": "28e79d1130f8c10fe7357587082d61110b1df2f5"
            },
            "dist": {
                "type": "zip",
                "url": "https://api.github.com/repos/datalaere/php-di/zipball/28e79d1130f8c10fe7357587082d61110b1df2f5",
                "reference": "28e79d1130f8c10fe7357587082d61110b1df2f5",
                "shasum": ""
            },
            "require": {
                "php": ">=5.5.0"
            },
            "type": "project",
            "autoload": {
                "psr-4": {
                    "PHP\\DI\\": "src/"
                }
            },
            "license": [
                "MIT"
            ],
            "description": "Useful classes for creating a php mvc app",
            "homepage": "https://github.com/datalaere/php-di",
            "support": {
                "source": "https://github.com/datalaere/php-di/tree/master",
                "issues": "https://github.com/datalaere/php-di/issues"
            },
            "time": "2020-02-05T20:24:11+00:00"
        },
        {
            "name": "datalaere/php-filesystem",
            "version": "dev-master",
            "source": {
                "type": "git",
                "url": "https://github.com/datalaere/php-filesystem.git",
                "reference": "1b84394b2607d1dc3cb26fe41d78583a44e74b8d"
            },
            "dist": {
                "type": "zip",
                "url": "https://api.github.com/repos/datalaere/php-filesystem/zipball/1b84394b2607d1dc3cb26fe41d78583a44e74b8d",
                "reference": "1b84394b2607d1dc3cb26fe41d78583a44e74b8d",
                "shasum": ""
            },
            "require": {
                "php": ">=5.5.0"
            },
            "type": "library",
            "autoload": {
                "psr-4": {
                    "PHP\\Filesystem\\": "src/"
                }
            },
            "license": [
                "MIT"
            ],
            "description": "Simple, useful classes for working with the server filesystem",
            "homepage": "https://github.com/datalaere/php-filesystem",
            "support": {
                "source": "https://github.com/datalaere/php-filesystem/tree/master",
                "issues": "https://github.com/datalaere/php-filesystem/issues"
            },
            "time": "2020-02-18T16:19:36+00:00"
        },
        {
            "name": "datalaere/php-http",
            "version": "dev-master",
            "source": {
                "type": "git",
                "url": "https://github.com/datalaere/php-http.git",
                "reference": "d169b4490040e1b53d4f794adf733cda3ecb6968"
            },
            "dist": {
                "type": "zip",
                "url": "https://api.github.com/repos/datalaere/php-http/zipball/d169b4490040e1b53d4f794adf733cda3ecb6968",
                "reference": "d169b4490040e1b53d4f794adf733cda3ecb6968",
                "shasum": ""
            },
            "require": {
                "php": ">=5.5.0"
            },
            "type": "library",
            "autoload": {
                "psr-4": {
                    "PHP\\HTTP\\": "src/"
                }
            },
            "license": [
                "MIT"
            ],
            "description": "Classes for manipulating routes and inputs like $_GET and $_POST",
            "homepage": "https://github.com/datalaere/php-http",
            "support": {
                "source": "https://github.com/datalaere/php-http/tree/master",
                "issues": "https://github.com/datalaere/php-http/issues"
            },
            "time": "2020-02-18T16:29:03+00:00"
        },
        {
            "name": "datalaere/php-mvc",
            "version": "dev-master",
            "source": {
                "type": "git",
                "url": "https://github.com/datalaere/php-mvc.git",
                "reference": "ff31f7f93d19984d7e407a07cd1fee365bd45e0e"
            },
            "dist": {
                "type": "zip",
                "url": "https://api.github.com/repos/datalaere/php-mvc/zipball/ff31f7f93d19984d7e407a07cd1fee365bd45e0e",
                "reference": "ff31f7f93d19984d7e407a07cd1fee365bd45e0e",
                "shasum": ""
            },
            "require": {
                "datalaere/php-crud": "dev-master",
                "php": ">=5.5.0"
            },
            "type": "project",
            "autoload": {
                "psr-4": {
                    "PHP\\MVC\\": "src/"
                }
            },
            "license": [
                "MIT"
            ],
            "description": "Useful classes for creating a php mvc app",
            "homepage": "https://github.com/datalaere/php-mvc",
            "support": {
                "source": "https://github.com/datalaere/php-mvc/tree/master",
                "issues": "https://github.com/datalaere/php-mvc/issues"
            },
            "time": "2020-02-18T16:19:02+00:00"
        }
    ],
    "packages-dev": [],
    "aliases": [],
    "minimum-stability": "dev",
    "stability-flags": {
        "datalaere/php-mvc": 20,
        "datalaere/php-di": 20,
        "datalaere/php-http": 20,
        "datalaere/php-crud": 20,
        "datalaere/php-filesystem": 20
    },
    "prefer-stable": true,
    "prefer-lowest": false,
    "platform": {
        "php": ">=5.5.0"
    },
    "platform-dev": []
}
