{
    "_readme": [
        "This file locks the dependencies of your project to a known state",
        "Read more about it at https://getcomposer.org/doc/01-basic-usage.md#installing-dependencies",
        "This file is @generated automatically"
    ],
    "content-hash": "80a716a481b6392d22c0b4404d1cc771",
    "packages": [
        {
            "name": "datalaere/php-auth",
            "version": "dev-master",
            "source": {
                "type": "git",
                "url": "https://github.com/datalaere/php-auth.git",
                "reference": "12f8a39eb099c6cf6183180b23c02db8e839e379"
            },
            "dist": {
                "type": "zip",
                "url": "https://api.github.com/repos/datalaere/php-auth/zipball/12f8a39eb099c6cf6183180b23c02db8e839e379",
                "reference": "12f8a39eb099c6cf6183180b23c02db8e839e379",
                "shasum": ""
            },
            "require": {
                "datalaere/php-crud": "dev-master",
                "datalaere/php-http": "dev-master",
                "datalaere/php-security": "dev-master",
                "php": ">=7.0"
            },
            "type": "library",
            "autoload": {
                "psr-4": {
                    "PHP\\Auth\\": "src/"
                }
            },
            "license": [
                "MIT"
            ],
            "description": "Authentication project for managing users and their permissions ",
            "homepage": "https://github.com/datalaere/php-auth",
            "keywords": [
                "auth",
                "authentication",
                "login",
                "permissions",
                "user"
            ],
            "support": {
                "source": "https://github.com/datalaere/php-auth/tree/master",
                "issues": "https://github.com/datalaere/php-auth/issues"
            },
            "time": "2020-02-19T09:11:21+00:00"
        },
        {
            "name": "datalaere/php-crud",
            "version": "dev-master",
            "source": {
                "type": "git",
                "url": "https://github.com/datalaere/php-crud.git",
                "reference": "7531ffacbbce6780ab1149c1b58737929d14974c"
            },
            "dist": {
                "type": "zip",
                "url": "https://api.github.com/repos/datalaere/php-crud/zipball/7531ffacbbce6780ab1149c1b58737929d14974c",
                "reference": "7531ffacbbce6780ab1149c1b58737929d14974c",
                "shasum": ""
            },
            "require": {
                "php": ">=5.5.0"
            },
            "type": "library",
            "autoload": {
                "psr-4": {
                    "PHP\\CRUD\\": "src/"
                }
            },
            "license": [
                "MIT"
            ],
            "description": "Simple scrud classes for using PDO and more in php",
            "support": {
                "source": "https://github.com/datalaere/php-crud/tree/master",
                "issues": "https://github.com/datalaere/php-crud/issues"
            },
            "time": "2020-02-19T10:27:54+00:00"
        },
        {
            "name": "datalaere/php-di",
            "version": "dev-master",
            "source": {
                "type": "git",
                "url": "https://github.com/datalaere/php-di.git",
                "reference": "f6b0c429f73f982b7488e15771e97a3a0cd19f69"
            },
            "dist": {
                "type": "zip",
                "url": "https://api.github.com/repos/datalaere/php-di/zipball/f6b0c429f73f982b7488e15771e97a3a0cd19f69",
                "reference": "f6b0c429f73f982b7488e15771e97a3a0cd19f69",
                "shasum": ""
            },
            "require": {
                "php": ">=5.5.0"
            },
            "type": "project",
            "autoload": {
                "psr-4": {
                    "PHP\\DI\\": "src/"
                }
            },
            "license": [
                "MIT"
            ],
            "description": "Useful classes for creating a php mvc app",
            "homepage": "https://github.com/datalaere/php-di",
            "support": {
                "source": "https://github.com/datalaere/php-di/tree/master",
                "issues": "https://github.com/datalaere/php-di/issues"
            },
            "time": "2020-02-18T16:58:01+00:00"
        },
        {
            "name": "datalaere/php-filesystem",
            "version": "dev-master",
            "source": {
                "type": "git",
                "url": "https://github.com/datalaere/php-filesystem.git",
                "reference": "4e990eb88c80d0284b95f6e4eb806482681f35bf"
            },
            "dist": {
                "type": "zip",
                "url": "https://api.github.com/repos/datalaere/php-filesystem/zipball/4e990eb88c80d0284b95f6e4eb806482681f35bf",
                "reference": "4e990eb88c80d0284b95f6e4eb806482681f35bf",
                "shasum": ""
            },
            "require": {
                "php": ">=5.5.0"
            },
            "type": "library",
            "autoload": {
                "psr-4": {
                    "PHP\\Filesystem\\": "src/"
                }
            },
            "license": [
                "MIT"
            ],
            "description": "Simple, useful classes for working with the server filesystem",
            "homepage": "https://github.com/datalaere/php-filesystem",
            "support": {
                "source": "https://github.com/datalaere/php-filesystem/tree/master",
                "issues": "https://github.com/datalaere/php-filesystem/issues"
            },
            "time": "2020-02-18T23:07:45+00:00"
        },
        {
            "name": "datalaere/php-http",
            "version": "dev-master",
            "source": {
                "type": "git",
                "url": "https://github.com/datalaere/php-http.git",
                "reference": "7a9b96408715902d55754feadd344cb4439de592"
            },
            "dist": {
                "type": "zip",
                "url": "https://api.github.com/repos/datalaere/php-http/zipball/7a9b96408715902d55754feadd344cb4439de592",
                "reference": "7a9b96408715902d55754feadd344cb4439de592",
                "shasum": ""
            },
            "require": {
                "php": ">=5.5.0"
            },
            "type": "library",
            "autoload": {
                "psr-4": {
                    "PHP\\HTTP\\": "src/"
                }
            },
            "license": [
                "MIT"
            ],
            "description": "Classes for manipulating routes and inputs like $_GET and $_POST",
            "homepage": "https://github.com/datalaere/php-http",
            "support": {
                "source": "https://github.com/datalaere/php-http/tree/master",
                "issues": "https://github.com/datalaere/php-http/issues"
            },
            "time": "2020-02-18T23:07:33+00:00"
        },
        {
            "name": "datalaere/php-mvc",
            "version": "dev-master",
            "source": {
                "type": "git",
                "url": "https://github.com/datalaere/php-mvc.git",
                "reference": "99c6f1e51b3f8cc3f1c6090bd3b85b79a46c64ca"
            },
            "dist": {
                "type": "zip",
                "url": "https://api.github.com/repos/datalaere/php-mvc/zipball/99c6f1e51b3f8cc3f1c6090bd3b85b79a46c64ca",
                "reference": "99c6f1e51b3f8cc3f1c6090bd3b85b79a46c64ca",
                "shasum": ""
            },
            "require": {
                "datalaere/php-crud": "dev-master",
                "php": ">=5.5.0"
            },
            "type": "project",
            "autoload": {
                "psr-4": {
                    "PHP\\MVC\\": "src/"
                }
            },
            "license": [
                "MIT"
            ],
            "description": "Useful classes for creating a php mvc app",
            "homepage": "https://github.com/datalaere/php-mvc",
            "support": {
                "source": "https://github.com/datalaere/php-mvc/tree/master",
                "issues": "https://github.com/datalaere/php-mvc/issues"
            },
            "time": "2020-02-19T09:11:02+00:00"
        },
        {
            "name": "datalaere/php-security",
            "version": "dev-master",
            "source": {
                "type": "git",
                "url": "https://github.com/datalaere/php-security.git",
                "reference": "c2222afbc2ca918119433f8e5b0bd9803071499f"
            },
            "dist": {
                "type": "zip",
                "url": "https://api.github.com/repos/datalaere/php-security/zipball/c2222afbc2ca918119433f8e5b0bd9803071499f",
                "reference": "c2222afbc2ca918119433f8e5b0bd9803071499f",
                "shasum": ""
            },
            "require": {
                "php": ">=5.5.0"
            },
            "type": "library",
            "autoload": {
                "psr-4": {
                    "PHP\\Security\\": "src/"
                }
            },
            "notification-url": "https://packagist.org/downloads/",
            "license": [
                "MIT"
            ],
            "description": "Simple classes to use in php for security",
            "time": "2020-02-04T22:16:20+00:00"
        }
    ],
    "packages-dev": [],
    "aliases": [],
    "minimum-stability": "dev",
    "stability-flags": {
        "datalaere/php-mvc": 20,
        "datalaere/php-di": 20,
        "datalaere/php-http": 20,
        "datalaere/php-crud": 20,
        "datalaere/php-auth": 20,
        "datalaere/php-filesystem": 20
    },
    "prefer-stable": true,
    "prefer-lowest": false,
    "platform": {
        "php": ">=5.5.0"
    },
    "platform-dev": []
}
